
Microsoft Visual Studio Solution File, Format Version 12.00
Project("{FAE04EC0-301F-11D3-BF4B-00C04F79EFBC}") = "ClassVsStructVSRecordVSRecordStruct", "ClassVsStructVSRecordVSRecordStruct\ClassVsStructVSRecordVSRecordStruct.csproj", "{915BD66A-48C6-4736-8916-27DA2119A54D}"
EndProject
Project("{FAE04EC0-301F-11D3-BF4B-00C04F79EFBC}") = "EntityFrameworkWithMediatR", "EntityFrameworkWithMediatR\EntityFrameworkWithMediatR.csproj", "{6F8082AC-FCE3-4BE0-9DD4-BABDC4FEC8F5}"
EndProject
Project("{FAE04EC0-301F-11D3-BF4B-00C04F79EFBC}") = "DTO", "DTO\DTO.csproj", "{69EE460A-D098-4C28-BBA1-C0E95B5A5F3F}"
EndProject
Project("{FAE04EC0-301F-11D3-BF4B-00C04F79EFBC}") = "TaskvsValueTask", "TaskvsValueTask\TaskvsValueTask.csproj", "{04C4D8F4-4256-46DF-8E99-6E773A78904B}"
EndProject
Project("{FAE04EC0-301F-11D3-BF4B-00C04F79EFBC}") = "AsyncAwait", "AsyncAwait\AsyncAwait.csproj", "{7B3F31A6-E6BB-45E6-8F42-B7681135FC72}"
EndProject
Project("{FAE04EC0-301F-11D3-BF4B-00C04F79EFBC}") = "InternalSealed", "InternalSealed\InternalSealed.csproj", "{C0245176-3473-4861-A036-5F5362833B18}"
EndProject
Project("{FAE04EC0-301F-11D3-BF4B-00C04F79EFBC}") = "TypeCheck", "TypeCheck\TypeCheck.csproj", "{BE6E89B9-EBE2-4909-9058-07AAD7F2E7B2}"
EndProject
Global
	GlobalSection(SolutionConfigurationPlatforms) = preSolution
		Debug|Any CPU = Debug|Any CPU
		Release|Any CPU = Release|Any CPU
	EndGlobalSection
	GlobalSection(ProjectConfigurationPlatforms) = postSolution
		{915BD66A-48C6-4736-8916-27DA2119A54D}.Debug|Any CPU.ActiveCfg = Debug|Any CPU
		{915BD66A-48C6-4736-8916-27DA2119A54D}.Debug|Any CPU.Build.0 = Debug|Any CPU
		{915BD66A-48C6-4736-8916-27DA2119A54D}.Release|Any CPU.ActiveCfg = Release|Any CPU
		{915BD66A-48C6-4736-8916-27DA2119A54D}.Release|Any CPU.Build.0 = Release|Any CPU
		{6F8082AC-FCE3-4BE0-9DD4-BABDC4FEC8F5}.Debug|Any CPU.ActiveCfg = Debug|Any CPU
		{6F8082AC-FCE3-4BE0-9DD4-BABDC4FEC8F5}.Debug|Any CPU.Build.0 = Debug|Any CPU
		{6F8082AC-FCE3-4BE0-9DD4-BABDC4FEC8F5}.Release|Any CPU.ActiveCfg = Release|Any CPU
		{6F8082AC-FCE3-4BE0-9DD4-BABDC4FEC8F5}.Release|Any CPU.Build.0 = Release|Any CPU
		{69EE460A-D098-4C28-BBA1-C0E95B5A5F3F}.Debug|Any CPU.ActiveCfg = Debug|Any CPU
		{69EE460A-D098-4C28-BBA1-C0E95B5A5F3F}.Debug|Any CPU.Build.0 = Debug|Any CPU
		{69EE460A-D098-4C28-BBA1-C0E95B5A5F3F}.Release|Any CPU.ActiveCfg = Release|Any CPU
		{69EE460A-D098-4C28-BBA1-C0E95B5A5F3F}.Release|Any CPU.Build.0 = Release|Any CPU
		{04C4D8F4-4256-46DF-8E99-6E773A78904B}.Debug|Any CPU.ActiveCfg = Debug|Any CPU
		{04C4D8F4-4256-46DF-8E99-6E773A78904B}.Debug|Any CPU.Build.0 = Debug|Any CPU
		{04C4D8F4-4256-46DF-8E99-6E773A78904B}.Release|Any CPU.ActiveCfg = Release|Any CPU
		{04C4D8F4-4256-46DF-8E99-6E773A78904B}.Release|Any CPU.Build.0 = Release|Any CPU
		{7B3F31A6-E6BB-45E6-8F42-B7681135FC72}.Debug|Any CPU.ActiveCfg = Debug|Any CPU
		{7B3F31A6-E6BB-45E6-8F42-B7681135FC72}.Debug|Any CPU.Build.0 = Debug|Any CPU
		{7B3F31A6-E6BB-45E6-8F42-B7681135FC72}.Release|Any CPU.ActiveCfg = Release|Any CPU
		{7B3F31A6-E6BB-45E6-8F42-B7681135FC72}.Release|Any CPU.Build.0 = Release|Any CPU
		{C0245176-3473-4861-A036-5F5362833B18}.Debug|Any CPU.ActiveCfg = Debug|Any CPU
		{C0245176-3473-4861-A036-5F5362833B18}.Debug|Any CPU.Build.0 = Debug|Any CPU
		{C0245176-3473-4861-A036-5F5362833B18}.Release|Any CPU.ActiveCfg = Release|Any CPU
		{C0245176-3473-4861-A036-5F5362833B18}.Release|Any CPU.Build.0 = Release|Any CPU
		{BE6E89B9-EBE2-4909-9058-07AAD7F2E7B2}.Debug|Any CPU.ActiveCfg = Debug|Any CPU
		{BE6E89B9-EBE2-4909-9058-07AAD7F2E7B2}.Debug|Any CPU.Build.0 = Debug|Any CPU
		{BE6E89B9-EBE2-4909-9058-07AAD7F2E7B2}.Release|Any CPU.ActiveCfg = Release|Any CPU
		{BE6E89B9-EBE2-4909-9058-07AAD7F2E7B2}.Release|Any CPU.Build.0 = Release|Any CPU
	EndGlobalSection
EndGlobal
